
Microsoft Visual Studio Solution File, Format Version 12.00
# Visual Studio Version 17
VisualStudioVersion = 17.2.32630.192
MinimumVisualStudioVersion = 10.0.40219.1
Project("{FAE04EC0-301F-11D3-BF4B-00C04F79EFBC}") = "NumbersConverter", "NumbersConverter\NumbersConverter.csproj", "{D410F320-DD1E-4115-807E-DB1969512C0F}"
EndProject
Global
	GlobalSection(SolutionConfigurationPlatforms) = preSolution
		Debug|Any CPU = Debug|Any CPU
		Release|Any CPU = Release|Any CPU
	EndGlobalSection
	GlobalSection(ProjectConfigurationPlatforms) = postSolution
		{D410F320-DD1E-4115-807E-DB1969512C0F}.Debug|Any CPU.ActiveCfg = Debug|Any CPU
		{D410F320-DD1E-4115-807E-DB1969512C0F}.Debug|Any CPU.Build.0 = Debug|Any CPU
		{D410F320-DD1E-4115-807E-DB1969512C0F}.Release|Any CPU.ActiveCfg = Release|Any CPU
		{D410F320-DD1E-4115-807E-DB1969512C0F}.Release|Any CPU.Build.0 = Release|Any CPU
	EndGlobalSection
	GlobalSection(SolutionProperties) = preSolution
		HideSolutionNode = FALSE
	EndGlobalSection
	GlobalSection(ExtensibilityGlobals) = postSolution
		SolutionGuid = {B42EB007-7878-4BDF-A966-9DB25177F0B9}
	EndGlobalSection
EndGlobal
